
Microsoft Visual Studio Solution File, Format Version 12.00
# Visual Studio Version 17
VisualStudioVersion = 17.11.35312.102
MinimumVisualStudioVersion = 10.0.40219.1
Project("{FAE04EC0-301F-11D3-BF4B-00C04F79EFBC}") = "TownSquareAPI", "TownSquareAPI\TownSquareAPI.csproj", "{A46766C0-777F-421A-AAF5-2D13053008FC}"
EndProject
Global
	GlobalSection(SolutionConfigurationPlatforms) = preSolution
		Debug|Any CPU = Debug|Any CPU
		Release|Any CPU = Release|Any CPU
	EndGlobalSection
	GlobalSection(ProjectConfigurationPlatforms) = postSolution
		{A46766C0-777F-421A-AAF5-2D13053008FC}.Debug|Any CPU.ActiveCfg = Debug|Any CPU
		{A46766C0-777F-421A-AAF5-2D13053008FC}.Debug|Any CPU.Build.0 = Debug|Any CPU
		{A46766C0-777F-421A-AAF5-2D13053008FC}.Release|Any CPU.ActiveCfg = Release|Any CPU
		{A46766C0-777F-421A-AAF5-2D13053008FC}.Release|Any CPU.Build.0 = Release|Any CPU
	EndGlobalSection
	GlobalSection(SolutionProperties) = preSolution
		HideSolutionNode = FALSE
	EndGlobalSection
	GlobalSection(ExtensibilityGlobals) = postSolution
		SolutionGuid = {16AD761C-770C-47DF-A2FA-57E5FB88D352}
	EndGlobalSection
EndGlobal
